
Microsoft Visual Studio Solution File, Format Version 12.00
# Visual Studio Version 17
VisualStudioVersion = 17.14.36705.20 d17.14
MinimumVisualStudioVersion = 10.0.40219.1
Project("{8BC9CEB8-8B4A-11D0-8D11-00A0C91BC942}") = "orbis-zydis", "orbis-zydis\orbis-zydis.vcxproj", "{F164CDF2-0A2F-44B1-959C-84017D4E2686}"
EndProject
Global
	GlobalSection(SolutionConfigurationPlatforms) = preSolution
		Debug|ORBIS = Debug|ORBIS
		Release|ORBIS = Release|ORBIS
	EndGlobalSection
	GlobalSection(ProjectConfigurationPlatforms) = postSolution
		{F164CDF2-0A2F-44B1-959C-84017D4E2686}.Debug|ORBIS.ActiveCfg = Debug|ORBIS
		{F164CDF2-0A2F-44B1-959C-84017D4E2686}.Debug|ORBIS.Build.0 = Debug|ORBIS
		{F164CDF2-0A2F-44B1-959C-84017D4E2686}.Release|ORBIS.ActiveCfg = Release|ORBIS
		{F164CDF2-0A2F-44B1-959C-84017D4E2686}.Release|ORBIS.Build.0 = Release|ORBIS
	EndGlobalSection
	GlobalSection(SolutionProperties) = preSolution
		HideSolutionNode = FALSE
	EndGlobalSection
	GlobalSection(ExtensibilityGlobals) = postSolution
		SolutionGuid = {11874BCF-FBD1-4D31-88A9-2F428070D58F}
	EndGlobalSection
EndGlobal
