<?xml version="1.0" encoding="utf-8"?>
<Project ToolsVersion="4.0" xmlns="http://schemas.microsoft.com/developer/msbuild/2003">
  <ItemGroup>
    <Filter Include="Source Files">
      <UniqueIdentifier>{4FC737F1-C7A5-4376-A066-2A32D752A2FF}</UniqueIdentifier>
      <Extensions>cpp;c;cxx;cc;s;asm</Extensions>
    </Filter>
    <Filter Include="Header Files">
      <UniqueIdentifier>{93995380-89BD-4b04-88EB-625FBE52EBFB}</UniqueIdentifier>
      <Extensions>h;hpp;pssli</Extensions>
    </Filter>
    <Filter Include="Source Files\Examples">
      <UniqueIdentifier>{1e0c19f7-50fc-48b0-bd7a-bf6d105ccfed}</UniqueIdentifier>
    </Filter>
    <Filter Include="Header Files\Examples">
      <UniqueIdentifier>{73f6cf69-2f7f-43fb-94de-7d1b3d061ea5}</UniqueIdentifier>
    </Filter>
  </ItemGroup>
  <ItemGroup>
    <ClCompile Include="prx.cpp">
      <Filter>Source Files</Filter>
    </ClCompile>
    <ClCompile Include="stdafx.cpp">
      <Filter>Source Files</Filter>
    </ClCompile>
    <ClCompile Include="EncoderXor_Ex.cpp">
      <Filter>Source Files\Examples</Filter>
    </ClCompile>
  </ItemGroup>
  <ItemGroup>
    <ClInclude Include="stdafx.h">
      <Filter>Header Files</Filter>
    </ClInclude>
    <ClInclude Include="EncoderXor_Ex.h">
      <Filter>Header Files\Examples</Filter>
    </ClInclude>
  </ItemGroup>
</Project>